
Microsoft Visual Studio Solution File, Format Version 12.00
# Visual Studio 14
VisualStudioVersion = 14.0.23107.0
MinimumVisualStudioVersion = 10.0.40219.1
Project("{FAE04EC0-301F-11D3-BF4B-00C04F79EFBC}") = "Aion Launcher", "Aion Launcher.csproj", "{9EB9F810-0EAA-42DE-B156-061612A24024}"
EndProject
Project("{FAE04EC0-301F-11D3-BF4B-00C04F79EFBC}") = "Updater", "Updater\Updater.csproj", "{C0C5C132-B4F9-495A-AEAB-5C388764763E}"
EndProject
Global
	GlobalSection(SolutionConfigurationPlatforms) = preSolution
		Debug|Any CPU = Debug|Any CPU
		Release|Any CPU = Release|Any CPU
	EndGlobalSection
	GlobalSection(ProjectConfigurationPlatforms) = postSolution
		{9EB9F810-0EAA-42DE-B156-061612A24024}.Debug|Any CPU.ActiveCfg = Debug|Any CPU
		{9EB9F810-0EAA-42DE-B156-061612A24024}.Debug|Any CPU.Build.0 = Debug|Any CPU
		{9EB9F810-0EAA-42DE-B156-061612A24024}.Release|Any CPU.ActiveCfg = Release|Any CPU
		{9EB9F810-0EAA-42DE-B156-061612A24024}.Release|Any CPU.Build.0 = Release|Any CPU
		{C0C5C132-B4F9-495A-AEAB-5C388764763E}.Debug|Any CPU.ActiveCfg = Debug|Any CPU
		{C0C5C132-B4F9-495A-AEAB-5C388764763E}.Debug|Any CPU.Build.0 = Debug|Any CPU
		{C0C5C132-B4F9-495A-AEAB-5C388764763E}.Release|Any CPU.ActiveCfg = Release|Any CPU
		{C0C5C132-B4F9-495A-AEAB-5C388764763E}.Release|Any CPU.Build.0 = Release|Any CPU
	EndGlobalSection
	GlobalSection(SolutionProperties) = preSolution
		HideSolutionNode = FALSE
	EndGlobalSection
EndGlobal
